
Microsoft Visual Studio Solution File, Format Version 12.00
# Visual Studio Version 17
VisualStudioVersion = 17.5.33530.505
MinimumVisualStudioVersion = 10.0.40219.1
Project("{FAE04EC0-301F-11D3-BF4B-00C04F79EFBC}") = "PetshopProgreso2", "PetshopProgreso2\PetshopProgreso2.csproj", "{0F8BED0D-CE50-490A-B611-3CE69E7A058D}"
EndProject
Global
	GlobalSection(SolutionConfigurationPlatforms) = preSolution
		Debug|Any CPU = Debug|Any CPU
		Release|Any CPU = Release|Any CPU
	EndGlobalSection
	GlobalSection(ProjectConfigurationPlatforms) = postSolution
		{0F8BED0D-CE50-490A-B611-3CE69E7A058D}.Debug|Any CPU.ActiveCfg = Debug|Any CPU
		{0F8BED0D-CE50-490A-B611-3CE69E7A058D}.Debug|Any CPU.Build.0 = Debug|Any CPU
		{0F8BED0D-CE50-490A-B611-3CE69E7A058D}.Release|Any CPU.ActiveCfg = Release|Any CPU
		{0F8BED0D-CE50-490A-B611-3CE69E7A058D}.Release|Any CPU.Build.0 = Release|Any CPU
	EndGlobalSection
	GlobalSection(SolutionProperties) = preSolution
		HideSolutionNode = FALSE
	EndGlobalSection
	GlobalSection(ExtensibilityGlobals) = postSolution
		SolutionGuid = {AB3784C0-F86D-4C4E-968F-674D4934D351}
	EndGlobalSection
EndGlobal
